
Microsoft Visual Studio Solution File, Format Version 12.00
# Visual Studio Version 17
VisualStudioVersion = 17.13.35931.197 d17.13
MinimumVisualStudioVersion = 10.0.40219.1
Project("{FAE04EC0-301F-11D3-BF4B-00C04F79EFBC}") = "Final assignment - Student database", "Final assignment - Student database\Final assignment - Student database.csproj", "{975A7EDF-866C-477F-ACA0-EA6530EEB096}"
EndProject
Global
	GlobalSection(SolutionConfigurationPlatforms) = preSolution
		Debug|Any CPU = Debug|Any CPU
		Release|Any CPU = Release|Any CPU
	EndGlobalSection
	GlobalSection(ProjectConfigurationPlatforms) = postSolution
		{975A7EDF-866C-477F-ACA0-EA6530EEB096}.Debug|Any CPU.ActiveCfg = Debug|Any CPU
		{975A7EDF-866C-477F-ACA0-EA6530EEB096}.Debug|Any CPU.Build.0 = Debug|Any CPU
		{975A7EDF-866C-477F-ACA0-EA6530EEB096}.Release|Any CPU.ActiveCfg = Release|Any CPU
		{975A7EDF-866C-477F-ACA0-EA6530EEB096}.Release|Any CPU.Build.0 = Release|Any CPU
	EndGlobalSection
	GlobalSection(SolutionProperties) = preSolution
		HideSolutionNode = FALSE
	EndGlobalSection
	GlobalSection(ExtensibilityGlobals) = postSolution
		SolutionGuid = {F6510561-1082-485A-93C5-AF9C62A80FE1}
	EndGlobalSection
EndGlobal
